
Microsoft Visual Studio Solution File, Format Version 11.00
# Visual Studio 2010
Project("{FAE04EC0-301F-11D3-BF4B-00C04F79EFBC}") = "StompyBlondieUnityTools", "StompyBlondieUnityTools.csproj", "{dfed3a2e-817a-1235-1887-32ee8f0dbeea}"
EndProject
Project("{FAE04EC0-301F-11D3-BF4B-00C04F79EFBC}") = "TetherOnlineServer", "TetherOnlineServer.csproj", "{4e43aeb9-1e2d-ad03-6880-c5732d48ab21}"
EndProject
Project("{FAE04EC0-301F-11D3-BF4B-00C04F79EFBC}") = "StompyBlondieToolsTests", "StompyBlondieToolsTests.csproj", "{cb0e8d8e-1fb6-3197-cea7-688daea1e5be}"
EndProject
Project("{FAE04EC0-301F-11D3-BF4B-00C04F79EFBC}") = "StompyBlondieToolsEditor", "StompyBlondieToolsEditor.csproj", "{82d66e58-b993-08a5-a9e1-4197cbab115b}"
EndProject
Project("{FAE04EC0-301F-11D3-BF4B-00C04F79EFBC}") = "Assembly-CSharp-firstpass", "Assembly-CSharp-firstpass.csproj", "{a910bc82-44df-940a-8658-d4e1320281e9}"
EndProject
Global
	GlobalSection(SolutionConfigurationPlatforms) = preSolution
		Debug|Any CPU = Debug|Any CPU
	EndGlobalSection
	GlobalSection(ProjectConfigurationPlatforms) = postSolution
		{dfed3a2e-817a-1235-1887-32ee8f0dbeea}.Debug|Any CPU.ActiveCfg = Debug|Any CPU
		{dfed3a2e-817a-1235-1887-32ee8f0dbeea}.Debug|Any CPU.Build.0 = Debug|Any CPU
		{4e43aeb9-1e2d-ad03-6880-c5732d48ab21}.Debug|Any CPU.ActiveCfg = Debug|Any CPU
		{4e43aeb9-1e2d-ad03-6880-c5732d48ab21}.Debug|Any CPU.Build.0 = Debug|Any CPU
		{cb0e8d8e-1fb6-3197-cea7-688daea1e5be}.Debug|Any CPU.ActiveCfg = Debug|Any CPU
		{cb0e8d8e-1fb6-3197-cea7-688daea1e5be}.Debug|Any CPU.Build.0 = Debug|Any CPU
		{82d66e58-b993-08a5-a9e1-4197cbab115b}.Debug|Any CPU.ActiveCfg = Debug|Any CPU
		{82d66e58-b993-08a5-a9e1-4197cbab115b}.Debug|Any CPU.Build.0 = Debug|Any CPU
		{a910bc82-44df-940a-8658-d4e1320281e9}.Debug|Any CPU.ActiveCfg = Debug|Any CPU
		{a910bc82-44df-940a-8658-d4e1320281e9}.Debug|Any CPU.Build.0 = Debug|Any CPU
	EndGlobalSection
	GlobalSection(SolutionProperties) = preSolution
		HideSolutionNode = FALSE
	EndGlobalSection
EndGlobal
